// !$*UTF8*$!
{
	archiveVersion = 1;
	classes = {
	};
	objectVersion = 77;
	objects = {

/* Begin PBXBuildFile section */
		067E32D02D40066BD33AE01C /* ContentView.swift in Sources */ = {isa = PBXBuildFile; fileRef = BB5A8A167D56D9F40F42118D /* ContentView.swift */; };
		1ADD7C2E2918281A1902A26A /* CategoryRowView.swift in Sources */ = {isa = PBXBuildFile; fileRef = F29BA44FC63020EFA33693DC /* CategoryRowView.swift */; };
		6A8C36D664CEA71FE13BDB55 /* BookDiceKit in Frameworks */ = {isa = PBXBuildFile; productRef = 3462C1A562C6AB6DC2EED406 /* BookDiceKit */; };
		6F8F18DFDC3C99E290A9F584 /* BookDiceApp.swift in Sources */ = {isa = PBXBuildFile; fileRef = 4AB41821851DC01DE495C8A8 /* BookDiceApp.swift */; };
		C30074460E02A4E68549AE4C /* Assets.xcassets in Resources */ = {isa = PBXBuildFile; fileRef = 4ABDE5FD011B874378F7FA87 /* Assets.xcassets */; };
		D135B2D8251B93479D503FA2 /* ConfigView.swift in Sources */ = {isa = PBXBuildFile; fileRef = D092A9F1CC95816A7576EC49 /* ConfigView.swift */; };
		E7F3A82D14C4754327DCA31E /* AppViewModel.swift in Sources */ = {isa = PBXBuildFile; fileRef = 7B02ABDD22D9D5B662A84717 /* AppViewModel.swift */; };
		F207968C94309DCFBBB49B0D /* GeneratorView.swift in Sources */ = {isa = PBXBuildFile; fileRef = 601A7F20438774FE10B9A9F2 /* GeneratorView.swift */; };
/* End PBXBuildFile section */

/* Begin PBXFileReference section */
		472FCC4C4E119F2E6E955BF1 /* book-dice.app */ = {isa = PBXFileReference; explicitFileType = wrapper.application; includeInIndex = 0; path = "book-dice.app"; sourceTree = BUILT_PRODUCTS_DIR; };
		4AB41821851DC01DE495C8A8 /* BookDiceApp.swift */ = {isa = PBXFileReference; lastKnownFileType = sourcecode.swift; path = BookDiceApp.swift; sourceTree = "<group>"; };
		4ABDE5FD011B874378F7FA87 /* Assets.xcassets */ = {isa = PBXFileReference; lastKnownFileType = folder.assetcatalog; path = Assets.xcassets; sourceTree = "<group>"; };
		601A7F20438774FE10B9A9F2 /* GeneratorView.swift */ = {isa = PBXFileReference; lastKnownFileType = sourcecode.swift; path = GeneratorView.swift; sourceTree = "<group>"; };
		69640F63E33E859C259CC65F /* BookDiceKit */ = {isa = PBXFileReference; lastKnownFileType = folder; path = BookDiceKit; sourceTree = SOURCE_ROOT; };
		7B02ABDD22D9D5B662A84717 /* AppViewModel.swift */ = {isa = PBXFileReference; lastKnownFileType = sourcecode.swift; path = AppViewModel.swift; sourceTree = "<group>"; };
		BB5A8A167D56D9F40F42118D /* ContentView.swift */ = {isa = PBXFileReference; lastKnownFileType = sourcecode.swift; path = ContentView.swift; sourceTree = "<group>"; };
		D092A9F1CC95816A7576EC49 /* ConfigView.swift */ = {isa = PBXFileReference; lastKnownFileType = sourcecode.swift; path = ConfigView.swift; sourceTree = "<group>"; };
		F29BA44FC63020EFA33693DC /* CategoryRowView.swift */ = {isa = PBXFileReference; lastKnownFileType = sourcecode.swift; path = CategoryRowView.swift; sourceTree = "<group>"; };
/* End PBXFileReference section */

/* Begin PBXFrameworksBuildPhase section */
		3820926D375E990FB23369AE /* Frameworks */ = {
			isa = PBXFrameworksBuildPhase;
			buildActionMask = 2147483647;
			files = (
				6A8C36D664CEA71FE13BDB55 /* BookDiceKit in Frameworks */,
			);
			runOnlyForDeploymentPostprocessing = 0;
		};
/* End PBXFrameworksBuildPhase section */

/* Begin PBXGroup section */
		2474E1FF4CED9C9A0643A48B /* ViewModels */ = {
			isa = PBXGroup;
			children = (
				7B02ABDD22D9D5B662A84717 /* AppViewModel.swift */,
			);
			path = ViewModels;
			sourceTree = "<group>";
		};
		2EEA9400030C797F328D8F4F = {
			isa = PBXGroup;
			children = (
				F7475C715BD51391BAF8791F /* BookDice */,
				B36D75C55B53E1743DF9F80A /* Packages */,
				3C473758A6D4F5C2E9DAAFC4 /* Products */,
			);
			sourceTree = "<group>";
		};
		3C473758A6D4F5C2E9DAAFC4 /* Products */ = {
			isa = PBXGroup;
			children = (
				472FCC4C4E119F2E6E955BF1 /* book-dice.app */,
			);
			name = Products;
			sourceTree = "<group>";
		};
		8CF9AAB026024D17476DC865 /* Views */ = {
			isa = PBXGroup;
			children = (
				F29BA44FC63020EFA33693DC /* CategoryRowView.swift */,
				D092A9F1CC95816A7576EC49 /* ConfigView.swift */,
				BB5A8A167D56D9F40F42118D /* ContentView.swift */,
				601A7F20438774FE10B9A9F2 /* GeneratorView.swift */,
			);
			path = Views;
			sourceTree = "<group>";
		};
		B36D75C55B53E1743DF9F80A /* Packages */ = {
			isa = PBXGroup;
			children = (
				69640F63E33E859C259CC65F /* BookDiceKit */,
			);
			name = Packages;
			sourceTree = "<group>";
		};
		F7475C715BD51391BAF8791F /* BookDice */ = {
			isa = PBXGroup;
			children = (
				4ABDE5FD011B874378F7FA87 /* Assets.xcassets */,
				4AB41821851DC01DE495C8A8 /* BookDiceApp.swift */,
				2474E1FF4CED9C9A0643A48B /* ViewModels */,
				8CF9AAB026024D17476DC865 /* Views */,
			);
			path = BookDice;
			sourceTree = "<group>";
		};
/* End PBXGroup section */

/* Begin PBXNativeTarget section */
		33E0DC8849CEF032103EC44C /* BookDice */ = {
			isa = PBXNativeTarget;
			buildConfigurationList = 7BCB22847EB7D4F2F39025BB /* Build configuration list for PBXNativeTarget "BookDice" */;
			buildPhases = (
				704558240A419B53A2940223 /* Sources */,
				0AE62AADB34BB2AC44E2C0C9 /* Resources */,
				3820926D375E990FB23369AE /* Frameworks */,
			);
			buildRules = (
			);
			dependencies = (
			);
			name = BookDice;
			packageProductDependencies = (
				3462C1A562C6AB6DC2EED406 /* BookDiceKit */,
			);
			productName = BookDice;
			productReference = 472FCC4C4E119F2E6E955BF1 /* book-dice.app */;
			productType = "com.apple.product-type.application";
		};
/* End PBXNativeTarget section */

/* Begin PBXProject section */
		E30A6055903649F199E8D3D8 /* Project object */ = {
			isa = PBXProject;
			attributes = {
				BuildIndependentTargetsInParallel = YES;
				LastUpgradeCheck = 1620;
				TargetAttributes = {
					33E0DC8849CEF032103EC44C = {
						ProvisioningStyle = Automatic;
					};
				};
			};
			buildConfigurationList = 152C78A969AA26483FAE1466 /* Build configuration list for PBXProject "BookDice" */;
			developmentRegion = en;
			hasScannedForEncodings = 0;
			knownRegions = (
				Base,
				en,
			);
			mainGroup = 2EEA9400030C797F328D8F4F;
			minimizedProjectReferenceProxies = 1;
			packageReferences = (
				A85ECCBB80645C5D95E09AC7 /* XCLocalSwiftPackageReference "BookDiceKit" */,
			);
			preferredProjectObjectVersion = 77;
			productRefGroup = 3C473758A6D4F5C2E9DAAFC4 /* Products */;
			projectDirPath = "";
			projectRoot = "";
			targets = (
				33E0DC8849CEF032103EC44C /* BookDice */,
			);
		};
/* End PBXProject section */

/* Begin PBXResourcesBuildPhase section */
		0AE62AADB34BB2AC44E2C0C9 /* Resources */ = {
			isa = PBXResourcesBuildPhase;
			buildActionMask = 2147483647;
			files = (
				C30074460E02A4E68549AE4C /* Assets.xcassets in Resources */,
			);
			runOnlyForDeploymentPostprocessing = 0;
		};
/* End PBXResourcesBuildPhase section */

/* Begin PBXSourcesBuildPhase section */
		704558240A419B53A2940223 /* Sources */ = {
			isa = PBXSourcesBuildPhase;
			buildActionMask = 2147483647;
			files = (
				E7F3A82D14C4754327DCA31E /* AppViewModel.swift in Sources */,
				6F8F18DFDC3C99E290A9F584 /* BookDiceApp.swift in Sources */,
				1ADD7C2E2918281A1902A26A /* CategoryRowView.swift in Sources */,
				D135B2D8251B93479D503FA2 /* ConfigView.swift in Sources */,
				067E32D02D40066BD33AE01C /* ContentView.swift in Sources */,
				F207968C94309DCFBBB49B0D /* GeneratorView.swift in Sources */,
			);
			runOnlyForDeploymentPostprocessing = 0;
		};
/* End PBXSourcesBuildPhase section */

/* Begin XCBuildConfiguration section */
		0E3B62544AF08C810DF43BF8 /* Release */ = {
			isa = XCBuildConfiguration;
			buildSettings = {
				ALWAYS_SEARCH_USER_PATHS = NO;
				CLANG_ANALYZER_NONNULL = YES;
				CLANG_ANALYZER_NUMBER_OBJECT_CONVERSION = YES_AGGRESSIVE;
				CLANG_CXX_LANGUAGE_STANDARD = "gnu++14";
				CLANG_CXX_LIBRARY = "libc++";
				CLANG_ENABLE_MODULES = YES;
				CLANG_ENABLE_OBJC_ARC = YES;
				CLANG_ENABLE_OBJC_WEAK = YES;
				CLANG_WARN_BLOCK_CAPTURE_AUTORELEASING = YES;
				CLANG_WARN_BOOL_CONVERSION = YES;
				CLANG_WARN_COMMA = YES;
				CLANG_WARN_CONSTANT_CONVERSION = YES;
				CLANG_WARN_DEPRECATED_OBJC_IMPLEMENTATIONS = YES;
				CLANG_WARN_DIRECT_OBJC_ISA_USAGE = YES_ERROR;
				CLANG_WARN_DOCUMENTATION_COMMENTS = YES;
				CLANG_WARN_EMPTY_BODY = YES;
				CLANG_WARN_ENUM_CONVERSION = YES;
				CLANG_WARN_INFINITE_RECURSION = YES;
				CLANG_WARN_INT_CONVERSION = YES;
				CLANG_WARN_NON_LITERAL_NULL_CONVERSION = YES;
				CLANG_WARN_OBJC_IMPLICIT_RETAIN_SELF = YES;
				CLANG_WARN_OBJC_LITERAL_CONVERSION = YES;
				CLANG_WARN_OBJC_ROOT_CLASS = YES_ERROR;
				CLANG_WARN_QUOTED_INCLUDE_IN_FRAMEWORK_HEADER = YES;
				CLANG_WARN_RANGE_LOOP_ANALYSIS = YES;
				CLANG_WARN_STRICT_PROTOTYPES = YES;
				CLANG_WARN_SUSPICIOUS_MOVE = YES;
				CLANG_WARN_UNGUARDED_AVAILABILITY = YES_AGGRESSIVE;
				CLANG_WARN_UNREACHABLE_CODE = YES;
				CLANG_WARN__DUPLICATE_METHOD_MATCH = YES;
				COPY_PHASE_STRIP = NO;
				DEBUG_INFORMATION_FORMAT = "dwarf-with-dsym";
				ENABLE_NS_ASSERTIONS = NO;
				ENABLE_STRICT_OBJC_MSGSEND = YES;
				ENABLE_USER_SCRIPT_SANDBOXING = YES;
				GCC_C_LANGUAGE_STANDARD = gnu11;
				GCC_NO_COMMON_BLOCKS = YES;
				GCC_WARN_64_TO_32_BIT_CONVERSION = YES;
				GCC_WARN_ABOUT_RETURN_TYPE = YES_ERROR;
				GCC_WARN_UNDECLARED_SELECTOR = YES;
				GCC_WARN_UNINITIALIZED_AUTOS = YES_AGGRESSIVE;
				GCC_WARN_UNUSED_FUNCTION = YES;
				GCC_WARN_UNUSED_VARIABLE = YES;
				IPHONEOS_DEPLOYMENT_TARGET = 17.0;
				MTL_ENABLE_DEBUG_INFO = NO;
				MTL_FAST_MATH = YES;
				PRODUCT_NAME = "$(TARGET_NAME)";
				SDKROOT = iphoneos;
				SWIFT_COMPILATION_MODE = wholemodule;
				SWIFT_OPTIMIZATION_LEVEL = "-O";
				SWIFT_VERSION = 5.0;
			};
			name = Release;
		};
		89328F3C9808238C8433A8FC /* Release */ = {
			isa = XCBuildConfiguration;
			buildSettings = {
				ASSETCATALOG_COMPILER_APPICON_NAME = AppIcon;
				CODE_SIGN_IDENTITY = "iPhone Developer";
				CODE_SIGN_STYLE = Automatic;
				CURRENT_PROJECT_VERSION = 1;
				DEVELOPMENT_TEAM = 7DPLLTX4Z9;
				GENERATE_INFOPLIST_FILE = YES;
				INFOPLIST_KEY_UILaunchScreen_Generation = YES;
				INFOPLIST_KEY_UISupportedInterfaceOrientations = UIInterfaceOrientationPortrait;
				LD_RUNPATH_SEARCH_PATHS = (
					"$(inherited)",
					"@executable_path/Frameworks",
				);
				MARKETING_VERSION = 1.0;
				PRODUCT_BUNDLE_IDENTIFIER = com.pehpa.bookdice;
				PRODUCT_NAME = "book-dice";
				SDKROOT = iphoneos;
				SWIFT_VERSION = 6.0;
				TARGETED_DEVICE_FAMILY = 1;
			};
			name = Release;
		};
		8C1DF06674CF985211FECA2C /* Debug */ = {
			isa = XCBuildConfiguration;
			buildSettings = {
				ALWAYS_SEARCH_USER_PATHS = NO;
				CLANG_ANALYZER_NONNULL = YES;
				CLANG_ANALYZER_NUMBER_OBJECT_CONVERSION = YES_AGGRESSIVE;
				CLANG_CXX_LANGUAGE_STANDARD = "gnu++14";
				CLANG_CXX_LIBRARY = "libc++";
				CLANG_ENABLE_MODULES = YES;
				CLANG_ENABLE_OBJC_ARC = YES;
				CLANG_ENABLE_OBJC_WEAK = YES;
				CLANG_WARN_BLOCK_CAPTURE_AUTORELEASING = YES;
				CLANG_WARN_BOOL_CONVERSION = YES;
				CLANG_WARN_COMMA = YES;
				CLANG_WARN_CONSTANT_CONVERSION = YES;
				CLANG_WARN_DEPRECATED_OBJC_IMPLEMENTATIONS = YES;
				CLANG_WARN_DIRECT_OBJC_ISA_USAGE = YES_ERROR;
				CLANG_WARN_DOCUMENTATION_COMMENTS = YES;
				CLANG_WARN_EMPTY_BODY = YES;
				CLANG_WARN_ENUM_CONVERSION = YES;
				CLANG_WARN_INFINITE_RECURSION = YES;
				CLANG_WARN_INT_CONVERSION = YES;
				CLANG_WARN_NON_LITERAL_NULL_CONVERSION = YES;
				CLANG_WARN_OBJC_IMPLICIT_RETAIN_SELF = YES;
				CLANG_WARN_OBJC_LITERAL_CONVERSION = YES;
				CLANG_WARN_OBJC_ROOT_CLASS = YES_ERROR;
				CLANG_WARN_QUOTED_INCLUDE_IN_FRAMEWORK_HEADER = YES;
				CLANG_WARN_RANGE_LOOP_ANALYSIS = YES;
				CLANG_WARN_STRICT_PROTOTYPES = YES;
				CLANG_WARN_SUSPICIOUS_MOVE = YES;
				CLANG_WARN_UNGUARDED_AVAILABILITY = YES_AGGRESSIVE;
				CLANG_WARN_UNREACHABLE_CODE = YES;
				CLANG_WARN__DUPLICATE_METHOD_MATCH = YES;
				COPY_PHASE_STRIP = NO;
				DEBUG_INFORMATION_FORMAT = dwarf;
				ENABLE_STRICT_OBJC_MSGSEND = YES;
				ENABLE_TESTABILITY = YES;
				ENABLE_USER_SCRIPT_SANDBOXING = YES;
				GCC_C_LANGUAGE_STANDARD = gnu11;
				GCC_DYNAMIC_NO_PIC = NO;
				GCC_NO_COMMON_BLOCKS = YES;
				GCC_OPTIMIZATION_LEVEL = 0;
				GCC_PREPROCESSOR_DEFINITIONS = (
					"$(inherited)",
					"DEBUG=1",
				);
				GCC_WARN_64_TO_32_BIT_CONVERSION = YES;
				GCC_WARN_ABOUT_RETURN_TYPE = YES_ERROR;
				GCC_WARN_UNDECLARED_SELECTOR = YES;
				GCC_WARN_UNINITIALIZED_AUTOS = YES_AGGRESSIVE;
				GCC_WARN_UNUSED_FUNCTION = YES;
				GCC_WARN_UNUSED_VARIABLE = YES;
				IPHONEOS_DEPLOYMENT_TARGET = 17.0;
				MTL_ENABLE_DEBUG_INFO = INCLUDE_SOURCE;
				MTL_FAST_MATH = YES;
				ONLY_ACTIVE_ARCH = YES;
				PRODUCT_NAME = "$(TARGET_NAME)";
				SDKROOT = iphoneos;
				SWIFT_ACTIVE_COMPILATION_CONDITIONS = DEBUG;
				SWIFT_OPTIMIZATION_LEVEL = "-Onone";
				SWIFT_VERSION = 5.0;
			};
			name = Debug;
		};
		A5C63395037FE6B45C8DBAF1 /* Debug */ = {
			isa = XCBuildConfiguration;
			buildSettings = {
				ASSETCATALOG_COMPILER_APPICON_NAME = AppIcon;
				CODE_SIGN_IDENTITY = "iPhone Developer";
				CODE_SIGN_STYLE = Automatic;
				CURRENT_PROJECT_VERSION = 1;
				DEVELOPMENT_TEAM = 7DPLLTX4Z9;
				GENERATE_INFOPLIST_FILE = YES;
				INFOPLIST_KEY_UILaunchScreen_Generation = YES;
				INFOPLIST_KEY_UISupportedInterfaceOrientations = UIInterfaceOrientationPortrait;
				LD_RUNPATH_SEARCH_PATHS = (
					"$(inherited)",
					"@executable_path/Frameworks",
				);
				MARKETING_VERSION = 1.0;
				PRODUCT_BUNDLE_IDENTIFIER = com.pehpa.bookdice;
				PRODUCT_NAME = "book-dice";
				SDKROOT = iphoneos;
				SWIFT_VERSION = 6.0;
				TARGETED_DEVICE_FAMILY = 1;
			};
			name = Debug;
		};
/* End XCBuildConfiguration section */

/* Begin XCConfigurationList section */
		152C78A969AA26483FAE1466 /* Build configuration list for PBXProject "BookDice" */ = {
			isa = XCConfigurationList;
			buildConfigurations = (
				8C1DF06674CF985211FECA2C /* Debug */,
				0E3B62544AF08C810DF43BF8 /* Release */,
			);
			defaultConfigurationIsVisible = 0;
			defaultConfigurationName = Debug;
		};
		7BCB22847EB7D4F2F39025BB /* Build configuration list for PBXNativeTarget "BookDice" */ = {
			isa = XCConfigurationList;
			buildConfigurations = (
				A5C63395037FE6B45C8DBAF1 /* Debug */,
				89328F3C9808238C8433A8FC /* Release */,
			);
			defaultConfigurationIsVisible = 0;
			defaultConfigurationName = Debug;
		};
/* End XCConfigurationList section */

/* Begin XCLocalSwiftPackageReference section */
		A85ECCBB80645C5D95E09AC7 /* XCLocalSwiftPackageReference "BookDiceKit" */ = {
			isa = XCLocalSwiftPackageReference;
			relativePath = BookDiceKit;
		};
/* End XCLocalSwiftPackageReference section */

/* Begin XCSwiftPackageProductDependency section */
		3462C1A562C6AB6DC2EED406 /* BookDiceKit */ = {
			isa = XCSwiftPackageProductDependency;
			productName = BookDiceKit;
		};
/* End XCSwiftPackageProductDependency section */
	};
	rootObject = E30A6055903649F199E8D3D8 /* Project object */;
}
